
Microsoft Visual Studio Solution File, Format Version 12.00
Project("{FAE04EC0-301F-11D3-BF4B-00C04F79EFBC}") = "CalDAV.NET", "CalDAV.NET\CalDAV.NET.csproj", "{41E05D5A-817D-4516-A5D3-1DF29BC0C2DE}"
EndProject
Project("{FAE04EC0-301F-11D3-BF4B-00C04F79EFBC}") = "CalDAV.NET.Tests", "CalDAV.NET.Tests\CalDAV.NET.Tests.csproj", "{BC1AAA9A-1EFB-4D29-ADD3-268163C8F96A}"
EndProject
Global
	GlobalSection(SolutionConfigurationPlatforms) = preSolution
		Debug|Any CPU = Debug|Any CPU
		Release|Any CPU = Release|Any CPU
	EndGlobalSection
	GlobalSection(ProjectConfigurationPlatforms) = postSolution
		{41E05D5A-817D-4516-A5D3-1DF29BC0C2DE}.Debug|Any CPU.ActiveCfg = Debug|Any CPU
		{41E05D5A-817D-4516-A5D3-1DF29BC0C2DE}.Debug|Any CPU.Build.0 = Debug|Any CPU
		{41E05D5A-817D-4516-A5D3-1DF29BC0C2DE}.Release|Any CPU.ActiveCfg = Release|Any CPU
		{41E05D5A-817D-4516-A5D3-1DF29BC0C2DE}.Release|Any CPU.Build.0 = Release|Any CPU
		{BC1AAA9A-1EFB-4D29-ADD3-268163C8F96A}.Debug|Any CPU.ActiveCfg = Debug|Any CPU
		{BC1AAA9A-1EFB-4D29-ADD3-268163C8F96A}.Debug|Any CPU.Build.0 = Debug|Any CPU
		{BC1AAA9A-1EFB-4D29-ADD3-268163C8F96A}.Release|Any CPU.ActiveCfg = Release|Any CPU
		{BC1AAA9A-1EFB-4D29-ADD3-268163C8F96A}.Release|Any CPU.Build.0 = Release|Any CPU
	EndGlobalSection
EndGlobal
